
Microsoft Visual Studio Solution File, Format Version 12.00
# Visual Studio 15
VisualStudioVersion = 15.0.28010.2050
MinimumVisualStudioVersion = 10.0.40219.1
Project("{FAE04EC0-301F-11D3-BF4B-00C04F79EFBC}") = "DbApp", "DbApp\DbApp.csproj", "{A58ED041-DD7A-474A-A7F6-3DDA7C65D122}"
EndProject
Global
	GlobalSection(SolutionConfigurationPlatforms) = preSolution
		Debug|Any CPU = Debug|Any CPU
		Release|Any CPU = Release|Any CPU
	EndGlobalSection
	GlobalSection(ProjectConfigurationPlatforms) = postSolution
		{A58ED041-DD7A-474A-A7F6-3DDA7C65D122}.Debug|Any CPU.ActiveCfg = Debug|Any CPU
		{A58ED041-DD7A-474A-A7F6-3DDA7C65D122}.Debug|Any CPU.Build.0 = Debug|Any CPU
		{A58ED041-DD7A-474A-A7F6-3DDA7C65D122}.Release|Any CPU.ActiveCfg = Release|Any CPU
		{A58ED041-DD7A-474A-A7F6-3DDA7C65D122}.Release|Any CPU.Build.0 = Release|Any CPU
	EndGlobalSection
	GlobalSection(SolutionProperties) = preSolution
		HideSolutionNode = FALSE
	EndGlobalSection
	GlobalSection(ExtensibilityGlobals) = postSolution
		SolutionGuid = {7B26AAC9-A3F0-4007-890A-1D2CC71A9BFD}
	EndGlobalSection
EndGlobal
