
Microsoft Visual Studio Solution File, Format Version 12.00
# Visual Studio 15
VisualStudioVersion = 15.0.28010.2016
MinimumVisualStudioVersion = 10.0.40219.1
Project("{FAE04EC0-301F-11D3-BF4B-00C04F79EFBC}") = "ConsoleApp", "ConsoleApp\ConsoleApp.csproj", "{30095218-F52D-427B-A979-493E554CD703}"
EndProject
Project("{FAE04EC0-301F-11D3-BF4B-00C04F79EFBC}") = "ClassLibrary", "ClassLibrary\ClassLibrary.csproj", "{0628B294-C9B0-49D1-A05F-577C395AB3DA}"
EndProject
Project("{FAE04EC0-301F-11D3-BF4B-00C04F79EFBC}") = "AttributeLibrary", "AttributeLibrary\AttributeLibrary.csproj", "{EB39F208-5744-4F48-AFBF-CC3A071F1FAD}"
EndProject
Global
	GlobalSection(SolutionConfigurationPlatforms) = preSolution
		Debug|Any CPU = Debug|Any CPU
		Release|Any CPU = Release|Any CPU
	EndGlobalSection
	GlobalSection(ProjectConfigurationPlatforms) = postSolution
		{30095218-F52D-427B-A979-493E554CD703}.Debug|Any CPU.ActiveCfg = Debug|Any CPU
		{30095218-F52D-427B-A979-493E554CD703}.Debug|Any CPU.Build.0 = Debug|Any CPU
		{30095218-F52D-427B-A979-493E554CD703}.Release|Any CPU.ActiveCfg = Release|Any CPU
		{30095218-F52D-427B-A979-493E554CD703}.Release|Any CPU.Build.0 = Release|Any CPU
		{0628B294-C9B0-49D1-A05F-577C395AB3DA}.Debug|Any CPU.ActiveCfg = Debug|Any CPU
		{0628B294-C9B0-49D1-A05F-577C395AB3DA}.Debug|Any CPU.Build.0 = Debug|Any CPU
		{0628B294-C9B0-49D1-A05F-577C395AB3DA}.Release|Any CPU.ActiveCfg = Release|Any CPU
		{0628B294-C9B0-49D1-A05F-577C395AB3DA}.Release|Any CPU.Build.0 = Release|Any CPU
		{EB39F208-5744-4F48-AFBF-CC3A071F1FAD}.Debug|Any CPU.ActiveCfg = Debug|Any CPU
		{EB39F208-5744-4F48-AFBF-CC3A071F1FAD}.Debug|Any CPU.Build.0 = Debug|Any CPU
		{EB39F208-5744-4F48-AFBF-CC3A071F1FAD}.Release|Any CPU.ActiveCfg = Release|Any CPU
		{EB39F208-5744-4F48-AFBF-CC3A071F1FAD}.Release|Any CPU.Build.0 = Release|Any CPU
	EndGlobalSection
	GlobalSection(SolutionProperties) = preSolution
		HideSolutionNode = FALSE
	EndGlobalSection
	GlobalSection(ExtensibilityGlobals) = postSolution
		SolutionGuid = {B929EB5F-D0BD-4618-B846-5D93C3ADF6B7}
	EndGlobalSection
EndGlobal
